
Microsoft Visual Studio Solution File, Format Version 12.00
# Visual Studio Version 17
VisualStudioVersion = 17.3.32804.467
MinimumVisualStudioVersion = 10.0.40219.1
Project("{FAE04EC0-301F-11D3-BF4B-00C04F79EFBC}") = "Authorization", "Authorization\Authorization.csproj", "{E86905F0-4C3A-4CA1-A5A9-AE52B58B1035}"
EndProject
Global
	GlobalSection(SolutionConfigurationPlatforms) = preSolution
		Debug|Any CPU = Debug|Any CPU
		Release|Any CPU = Release|Any CPU
	EndGlobalSection
	GlobalSection(ProjectConfigurationPlatforms) = postSolution
		{E86905F0-4C3A-4CA1-A5A9-AE52B58B1035}.Debug|Any CPU.ActiveCfg = Debug|Any CPU
		{E86905F0-4C3A-4CA1-A5A9-AE52B58B1035}.Debug|Any CPU.Build.0 = Debug|Any CPU
		{E86905F0-4C3A-4CA1-A5A9-AE52B58B1035}.Release|Any CPU.ActiveCfg = Release|Any CPU
		{E86905F0-4C3A-4CA1-A5A9-AE52B58B1035}.Release|Any CPU.Build.0 = Release|Any CPU
	EndGlobalSection
	GlobalSection(SolutionProperties) = preSolution
		HideSolutionNode = FALSE
	EndGlobalSection
	GlobalSection(ExtensibilityGlobals) = postSolution
		SolutionGuid = {A12E1182-82DC-4902-8BC8-DA34F58EE710}
	EndGlobalSection
EndGlobal
